
Microsoft Visual Studio Solution File, Format Version 12.00
# Visual Studio Version 16
VisualStudioVersion = 16.0.30104.148
MinimumVisualStudioVersion = 10.0.40219.1
Project("{9A19103F-16F7-4668-BE54-9A1E7A4F7556}") = "TicketSystem.Web", "TicketSystem\TicketSystem.Web.csproj", "{4EAD35EA-EAFF-4CC0-AC1B-15A8F3AF3E36}"
EndProject
Project("{2150E333-8FDC-42A3-9474-1A3956D46DE8}") = "TicketSystem", "TicketSystem", "{1DF3685C-760C-4C97-BA84-A72950C932C1}"
EndProject
Project("{FAE04EC0-301F-11D3-BF4B-00C04F79EFBC}") = "TicketSystem.Domain", "TicketSystem.Domain\TicketSystem.Domain.csproj", "{88A0FE59-8FD5-41C2-9387-3C19CBC0F260}"
EndProject
Project("{FAE04EC0-301F-11D3-BF4B-00C04F79EFBC}") = "TicketSystem.Repository", "TicketSystem.Repository\TicketSystem.Repository.csproj", "{08E190B2-9089-4185-9B53-FB608DD83114}"
EndProject
Project("{FAE04EC0-301F-11D3-BF4B-00C04F79EFBC}") = "TicketSystem.Services", "TicketSystem.Services\TicketSystem.Services.csproj", "{2949F415-2BB0-4D7B-A34B-2968EA6FC20B}"
EndProject
Global
	GlobalSection(SolutionConfigurationPlatforms) = preSolution
		Debug|Any CPU = Debug|Any CPU
		Release|Any CPU = Release|Any CPU
	EndGlobalSection
	GlobalSection(ProjectConfigurationPlatforms) = postSolution
		{4EAD35EA-EAFF-4CC0-AC1B-15A8F3AF3E36}.Debug|Any CPU.ActiveCfg = Debug|Any CPU
		{4EAD35EA-EAFF-4CC0-AC1B-15A8F3AF3E36}.Debug|Any CPU.Build.0 = Debug|Any CPU
		{4EAD35EA-EAFF-4CC0-AC1B-15A8F3AF3E36}.Release|Any CPU.ActiveCfg = Release|Any CPU
		{4EAD35EA-EAFF-4CC0-AC1B-15A8F3AF3E36}.Release|Any CPU.Build.0 = Release|Any CPU
		{88A0FE59-8FD5-41C2-9387-3C19CBC0F260}.Debug|Any CPU.ActiveCfg = Debug|Any CPU
		{88A0FE59-8FD5-41C2-9387-3C19CBC0F260}.Debug|Any CPU.Build.0 = Debug|Any CPU
		{88A0FE59-8FD5-41C2-9387-3C19CBC0F260}.Release|Any CPU.ActiveCfg = Release|Any CPU
		{88A0FE59-8FD5-41C2-9387-3C19CBC0F260}.Release|Any CPU.Build.0 = Release|Any CPU
		{08E190B2-9089-4185-9B53-FB608DD83114}.Debug|Any CPU.ActiveCfg = Debug|Any CPU
		{08E190B2-9089-4185-9B53-FB608DD83114}.Debug|Any CPU.Build.0 = Debug|Any CPU
		{08E190B2-9089-4185-9B53-FB608DD83114}.Release|Any CPU.ActiveCfg = Release|Any CPU
		{08E190B2-9089-4185-9B53-FB608DD83114}.Release|Any CPU.Build.0 = Release|Any CPU
		{2949F415-2BB0-4D7B-A34B-2968EA6FC20B}.Debug|Any CPU.ActiveCfg = Debug|Any CPU
		{2949F415-2BB0-4D7B-A34B-2968EA6FC20B}.Debug|Any CPU.Build.0 = Debug|Any CPU
		{2949F415-2BB0-4D7B-A34B-2968EA6FC20B}.Release|Any CPU.ActiveCfg = Release|Any CPU
		{2949F415-2BB0-4D7B-A34B-2968EA6FC20B}.Release|Any CPU.Build.0 = Release|Any CPU
	EndGlobalSection
	GlobalSection(SolutionProperties) = preSolution
		HideSolutionNode = FALSE
	EndGlobalSection
	GlobalSection(NestedProjects) = preSolution
		{4EAD35EA-EAFF-4CC0-AC1B-15A8F3AF3E36} = {1DF3685C-760C-4C97-BA84-A72950C932C1}
		{88A0FE59-8FD5-41C2-9387-3C19CBC0F260} = {1DF3685C-760C-4C97-BA84-A72950C932C1}
		{08E190B2-9089-4185-9B53-FB608DD83114} = {1DF3685C-760C-4C97-BA84-A72950C932C1}
		{2949F415-2BB0-4D7B-A34B-2968EA6FC20B} = {1DF3685C-760C-4C97-BA84-A72950C932C1}
	EndGlobalSection
	GlobalSection(ExtensibilityGlobals) = postSolution
		SolutionGuid = {C219DD5A-C72B-4E89-AF70-402666CE1FB3}
	EndGlobalSection
EndGlobal
